
Microsoft Visual Studio Solution File, Format Version 12.00
# Visual Studio Version 17
VisualStudioVersion = 17.2.32526.322
MinimumVisualStudioVersion = 10.0.40219.1
Project("{9A19103F-16F7-4668-BE54-9A1E7A4F7556}") = "Api", "Api\Api.csproj", "{AA5D00C9-C3CD-4A12-A9F6-B85972BCF71F}"
EndProject
Project("{2150E333-8FDC-42A3-9474-1A3956D46DE8}") = "Solution Items", "Solution Items", "{48FD6C47-05B0-48CE-981A-96A62CB3A0BB}"
	ProjectSection(SolutionItems) = preProject
		docker-compose.yml = docker-compose.yml
	EndProjectSection
EndProject
Project("{9A19103F-16F7-4668-BE54-9A1E7A4F7556}") = "UnitTests", "UnitTests\UnitTests.csproj", "{4B90D6F9-95D5-4F32-BB19-623ECC0235BF}"
EndProject
Project("{9A19103F-16F7-4668-BE54-9A1E7A4F7556}") = "Infrastructure", "Infrastructure\Infrastructure.csproj", "{C9042F9C-A04B-4F79-A475-B5FE333315BB}"
EndProject
Project("{9A19103F-16F7-4668-BE54-9A1E7A4F7556}") = "Core", "Core\Core.csproj", "{DDE157CC-C6C7-4376-8C76-8965FE37A768}"
EndProject
Global
	GlobalSection(SolutionConfigurationPlatforms) = preSolution
		Debug|Any CPU = Debug|Any CPU
		Release|Any CPU = Release|Any CPU
	EndGlobalSection
	GlobalSection(ProjectConfigurationPlatforms) = postSolution
		{AA5D00C9-C3CD-4A12-A9F6-B85972BCF71F}.Debug|Any CPU.ActiveCfg = Debug|Any CPU
		{AA5D00C9-C3CD-4A12-A9F6-B85972BCF71F}.Debug|Any CPU.Build.0 = Debug|Any CPU
		{AA5D00C9-C3CD-4A12-A9F6-B85972BCF71F}.Release|Any CPU.ActiveCfg = Release|Any CPU
		{AA5D00C9-C3CD-4A12-A9F6-B85972BCF71F}.Release|Any CPU.Build.0 = Release|Any CPU
		{4B90D6F9-95D5-4F32-BB19-623ECC0235BF}.Debug|Any CPU.ActiveCfg = Debug|Any CPU
		{4B90D6F9-95D5-4F32-BB19-623ECC0235BF}.Debug|Any CPU.Build.0 = Debug|Any CPU
		{4B90D6F9-95D5-4F32-BB19-623ECC0235BF}.Release|Any CPU.ActiveCfg = Release|Any CPU
		{4B90D6F9-95D5-4F32-BB19-623ECC0235BF}.Release|Any CPU.Build.0 = Release|Any CPU
		{C9042F9C-A04B-4F79-A475-B5FE333315BB}.Debug|Any CPU.ActiveCfg = Debug|Any CPU
		{C9042F9C-A04B-4F79-A475-B5FE333315BB}.Debug|Any CPU.Build.0 = Debug|Any CPU
		{C9042F9C-A04B-4F79-A475-B5FE333315BB}.Release|Any CPU.ActiveCfg = Release|Any CPU
		{C9042F9C-A04B-4F79-A475-B5FE333315BB}.Release|Any CPU.Build.0 = Release|Any CPU
		{DDE157CC-C6C7-4376-8C76-8965FE37A768}.Debug|Any CPU.ActiveCfg = Debug|Any CPU
		{DDE157CC-C6C7-4376-8C76-8965FE37A768}.Debug|Any CPU.Build.0 = Debug|Any CPU
		{DDE157CC-C6C7-4376-8C76-8965FE37A768}.Release|Any CPU.ActiveCfg = Release|Any CPU
		{DDE157CC-C6C7-4376-8C76-8965FE37A768}.Release|Any CPU.Build.0 = Release|Any CPU
	EndGlobalSection
	GlobalSection(SolutionProperties) = preSolution
		HideSolutionNode = FALSE
	EndGlobalSection
	GlobalSection(ExtensibilityGlobals) = postSolution
		SolutionGuid = {9DBA258C-8E42-4CDA-A55E-36A5440C4DB0}
	EndGlobalSection
EndGlobal
